
Microsoft Visual Studio Solution File, Format Version 12.00
# Visual Studio Version 17
VisualStudioVersion = 17.7.34024.191
MinimumVisualStudioVersion = 10.0.40219.1
Project("{FAE04EC0-301F-11D3-BF4B-00C04F79EFBC}") = "RabbitMQPublisher", "RabbitMQPublisher\RabbitMQPublisher.csproj", "{CFCD0AAC-7061-4B9A-B60F-5C7D824F50BF}"
EndProject
Project("{FAE04EC0-301F-11D3-BF4B-00C04F79EFBC}") = "Consumer", "Consumer\Consumer.csproj", "{A27AB68A-97F9-474E-BD89-385FACD1EFA5}"
EndProject
Global
	GlobalSection(SolutionConfigurationPlatforms) = preSolution
		Debug|Any CPU = Debug|Any CPU
		Release|Any CPU = Release|Any CPU
	EndGlobalSection
	GlobalSection(ProjectConfigurationPlatforms) = postSolution
		{CFCD0AAC-7061-4B9A-B60F-5C7D824F50BF}.Debug|Any CPU.ActiveCfg = Debug|Any CPU
		{CFCD0AAC-7061-4B9A-B60F-5C7D824F50BF}.Debug|Any CPU.Build.0 = Debug|Any CPU
		{CFCD0AAC-7061-4B9A-B60F-5C7D824F50BF}.Release|Any CPU.ActiveCfg = Release|Any CPU
		{CFCD0AAC-7061-4B9A-B60F-5C7D824F50BF}.Release|Any CPU.Build.0 = Release|Any CPU
		{A27AB68A-97F9-474E-BD89-385FACD1EFA5}.Debug|Any CPU.ActiveCfg = Debug|Any CPU
		{A27AB68A-97F9-474E-BD89-385FACD1EFA5}.Debug|Any CPU.Build.0 = Debug|Any CPU
		{A27AB68A-97F9-474E-BD89-385FACD1EFA5}.Release|Any CPU.ActiveCfg = Release|Any CPU
		{A27AB68A-97F9-474E-BD89-385FACD1EFA5}.Release|Any CPU.Build.0 = Release|Any CPU
	EndGlobalSection
	GlobalSection(SolutionProperties) = preSolution
		HideSolutionNode = FALSE
	EndGlobalSection
	GlobalSection(ExtensibilityGlobals) = postSolution
		SolutionGuid = {3E317142-0FA8-48D7-8D75-D4F5D1FCC576}
	EndGlobalSection
EndGlobal
